
Microsoft Visual Studio Solution File, Format Version 12.00
# Visual Studio Version 17
VisualStudioVersion = 17.9.34407.89
MinimumVisualStudioVersion = 10.0.40219.1
Project("{FAE04EC0-301F-11D3-BF4B-00C04F79EFBC}") = "ConsoleApp18", "ConsoleApp18\ConsoleApp18.csproj", "{4FD0811C-2B8F-4538-A651-259A5AE5197F}"
EndProject
Global
	GlobalSection(SolutionConfigurationPlatforms) = preSolution
		Debug|Any CPU = Debug|Any CPU
		Release|Any CPU = Release|Any CPU
	EndGlobalSection
	GlobalSection(ProjectConfigurationPlatforms) = postSolution
		{4FD0811C-2B8F-4538-A651-259A5AE5197F}.Debug|Any CPU.ActiveCfg = Debug|Any CPU
		{4FD0811C-2B8F-4538-A651-259A5AE5197F}.Debug|Any CPU.Build.0 = Debug|Any CPU
		{4FD0811C-2B8F-4538-A651-259A5AE5197F}.Release|Any CPU.ActiveCfg = Release|Any CPU
		{4FD0811C-2B8F-4538-A651-259A5AE5197F}.Release|Any CPU.Build.0 = Release|Any CPU
	EndGlobalSection
	GlobalSection(SolutionProperties) = preSolution
		HideSolutionNode = FALSE
	EndGlobalSection
	GlobalSection(ExtensibilityGlobals) = postSolution
		SolutionGuid = {2BD70195-B9EF-497C-AD91-ED7235F9C43C}
	EndGlobalSection
EndGlobal
